
Microsoft Visual Studio Solution File, Format Version 12.00
# Visual Studio Version 16
VisualStudioVersion = 16.0.29318.209
MinimumVisualStudioVersion = 10.0.40219.1
Project("{FAE04EC0-301F-11D3-BF4B-00C04F79EFBC}") = "WindowsFormsTutorial", "WindowsFormsTutorial\WindowsFormsTutorial.csproj", "{B133AEA8-204E-4817-85DB-3D5080D68EEC}"
EndProject
Global
	GlobalSection(SolutionConfigurationPlatforms) = preSolution
		Debug|Any CPU = Debug|Any CPU
		Release|Any CPU = Release|Any CPU
	EndGlobalSection
	GlobalSection(ProjectConfigurationPlatforms) = postSolution
		{B133AEA8-204E-4817-85DB-3D5080D68EEC}.Debug|Any CPU.ActiveCfg = Debug|Any CPU
		{B133AEA8-204E-4817-85DB-3D5080D68EEC}.Debug|Any CPU.Build.0 = Debug|Any CPU
		{B133AEA8-204E-4817-85DB-3D5080D68EEC}.Release|Any CPU.ActiveCfg = Release|Any CPU
		{B133AEA8-204E-4817-85DB-3D5080D68EEC}.Release|Any CPU.Build.0 = Release|Any CPU
	EndGlobalSection
	GlobalSection(SolutionProperties) = preSolution
		HideSolutionNode = FALSE
	EndGlobalSection
	GlobalSection(ExtensibilityGlobals) = postSolution
		SolutionGuid = {2BFCEFA8-0839-4D4E-9BDC-96BB4F1C7CC2}
	EndGlobalSection
EndGlobal
